
Microsoft Visual Studio Solution File, Format Version 12.00
# Visual Studio Version 16
VisualStudioVersion = 16.0.29411.108
MinimumVisualStudioVersion = 10.0.40219.1
Project("{FAE04EC0-301F-11D3-BF4B-00C04F79EFBC}") = "FaceRecognitionSystem", "FaceRecognitionSystem\FaceRecognitionSystem.csproj", "{92B69555-2A41-45EA-9EA8-D8E363857F33}"
EndProject
Global
	GlobalSection(SolutionConfigurationPlatforms) = preSolution
		Debug|Any CPU = Debug|Any CPU
		Release|Any CPU = Release|Any CPU
	EndGlobalSection
	GlobalSection(ProjectConfigurationPlatforms) = postSolution
		{92B69555-2A41-45EA-9EA8-D8E363857F33}.Debug|Any CPU.ActiveCfg = Debug|Any CPU
		{92B69555-2A41-45EA-9EA8-D8E363857F33}.Debug|Any CPU.Build.0 = Debug|Any CPU
		{92B69555-2A41-45EA-9EA8-D8E363857F33}.Release|Any CPU.ActiveCfg = Release|Any CPU
		{92B69555-2A41-45EA-9EA8-D8E363857F33}.Release|Any CPU.Build.0 = Release|Any CPU
	EndGlobalSection
	GlobalSection(SolutionProperties) = preSolution
		HideSolutionNode = FALSE
	EndGlobalSection
	GlobalSection(ExtensibilityGlobals) = postSolution
		SolutionGuid = {EA492D17-8971-40AC-ABFF-F16045B5BA5A}
	EndGlobalSection
EndGlobal
